
Microsoft Visual Studio Solution File, Format Version 12.00
# Visual Studio Version 16
VisualStudioVersion = 16.0.29519.181
MinimumVisualStudioVersion = 10.0.40219.1
Project("{FAE04EC0-301F-11D3-BF4B-00C04F79EFBC}") = "ConnectFour", "ConnectFour\ConnectFour.csproj", "{4A3BBCB0-7C61-4EF2-9717-41DB3BA89B1F}"
EndProject
Global
	GlobalSection(SolutionConfigurationPlatforms) = preSolution
		Debug|Any CPU = Debug|Any CPU
		Release|Any CPU = Release|Any CPU
	EndGlobalSection
	GlobalSection(ProjectConfigurationPlatforms) = postSolution
		{4A3BBCB0-7C61-4EF2-9717-41DB3BA89B1F}.Debug|Any CPU.ActiveCfg = Debug|Any CPU
		{4A3BBCB0-7C61-4EF2-9717-41DB3BA89B1F}.Debug|Any CPU.Build.0 = Debug|Any CPU
		{4A3BBCB0-7C61-4EF2-9717-41DB3BA89B1F}.Release|Any CPU.ActiveCfg = Release|Any CPU
		{4A3BBCB0-7C61-4EF2-9717-41DB3BA89B1F}.Release|Any CPU.Build.0 = Release|Any CPU
	EndGlobalSection
	GlobalSection(SolutionProperties) = preSolution
		HideSolutionNode = FALSE
	EndGlobalSection
	GlobalSection(ExtensibilityGlobals) = postSolution
		SolutionGuid = {22B6A436-9194-4419-A40A-CD47DDDC4BA1}
	EndGlobalSection
EndGlobal
